{
  "name": "reelette",
  "version": "1.0.0",
  "lockfileVersion": 3,
  "requires": true,
  "packages": {
    "": {
      "name": "reelette",
      "version": "1.0.0",
      "dependencies": {
        "kodikwrapper": "^3.1.0"
      },
      "engines": {
        "node": ">=20"
      }
    },
    "node_modules/kodikwrapper": {
      "version": "3.1.0",
      "resolved": "https://registry.npmjs.org/kodikwrapper/-/kodikwrapper-3.1.0.tgz",
      "integrity": "sha512-4rlgAF0Pv60GkKCrSCUiMjJa2FfY3Fb24uWbI3dgLs6JUea3OF92Tugk3+JGhTXeNa78jw1rctqbV7AHbSLqWg==",
      "license": "WTFPL",
      "engines": {
        "node": ">=20"
      }
    }
  }
}
